
Microsoft Visual Studio Solution File, Format Version 12.00
# Visual Studio 2013
VisualStudioVersion = 12.0.40629.0
MinimumVisualStudioVersion = 10.0.40219.1
Project("{FAE04EC0-301F-11D3-BF4B-00C04F79EFBC}") = "GighubV2", "GighubV2\GighubV2.csproj", "{DB0B4225-3805-4FC2-8B6F-E0C94CED0CDF}"
EndProject
Project("{2150E333-8FDC-42A3-9474-1A3956D46DE8}") = "Solution Items", "Solution Items", "{011F70E7-05D3-4B7D-8433-24E58DEBA152}"
	ProjectSection(SolutionItems) = preProject
		Application User Identity.txt = Application User Identity.txt
		Entity Framework.txt = Entity Framework.txt
		Fluent Api.txt = Fluent Api.txt
		Resharper.txt = Resharper.txt
		Shortcuts.txt = Shortcuts.txt
		Steps.txt = Steps.txt
	EndProjectSection
EndProject
Global
	GlobalSection(SolutionConfigurationPlatforms) = preSolution
		Debug|Any CPU = Debug|Any CPU
		Release|Any CPU = Release|Any CPU
	EndGlobalSection
	GlobalSection(ProjectConfigurationPlatforms) = postSolution
		{DB0B4225-3805-4FC2-8B6F-E0C94CED0CDF}.Debug|Any CPU.ActiveCfg = Debug|Any CPU
		{DB0B4225-3805-4FC2-8B6F-E0C94CED0CDF}.Debug|Any CPU.Build.0 = Debug|Any CPU
		{DB0B4225-3805-4FC2-8B6F-E0C94CED0CDF}.Release|Any CPU.ActiveCfg = Release|Any CPU
		{DB0B4225-3805-4FC2-8B6F-E0C94CED0CDF}.Release|Any CPU.Build.0 = Release|Any CPU
	EndGlobalSection
	GlobalSection(SolutionProperties) = preSolution
		HideSolutionNode = FALSE
	EndGlobalSection
EndGlobal
